
Microsoft Visual Studio Solution File, Format Version 12.00
# Visual Studio Version 16
VisualStudioVersion = 25.0.1704.2
MinimumVisualStudioVersion = 10.0.40219.1
Project("{FAE04EC0-301F-11D3-BF4B-00C04F79EFBC}") = "BaiTap1", "BaiTap1\BaiTap1.csproj", "{CCB4ABB9-79F3-4BCB-A76A-2715685685D2}"
EndProject
Global
	GlobalSection(SolutionConfigurationPlatforms) = preSolution
		Debug|Any CPU = Debug|Any CPU
		Release|Any CPU = Release|Any CPU
	EndGlobalSection
	GlobalSection(ProjectConfigurationPlatforms) = postSolution
		{CCB4ABB9-79F3-4BCB-A76A-2715685685D2}.Debug|Any CPU.ActiveCfg = Debug|Any CPU
		{CCB4ABB9-79F3-4BCB-A76A-2715685685D2}.Debug|Any CPU.Build.0 = Debug|Any CPU
		{CCB4ABB9-79F3-4BCB-A76A-2715685685D2}.Release|Any CPU.ActiveCfg = Release|Any CPU
		{CCB4ABB9-79F3-4BCB-A76A-2715685685D2}.Release|Any CPU.Build.0 = Release|Any CPU
	EndGlobalSection
	GlobalSection(SolutionProperties) = preSolution
		HideSolutionNode = FALSE
	EndGlobalSection
	GlobalSection(ExtensibilityGlobals) = postSolution
		SolutionGuid = {59B55614-28D9-4DD7-B912-4BA427A30FE9}
	EndGlobalSection
EndGlobal
